// !$*UTF8*$!
{
	archiveVersion = 1;
	classes = {
	};
	objectVersion = 50;
	objects = {

/* Begin PBXBuildFile section */
		CE4E1783238FCB6F0007E684 /* TableViewCell.swift in Sources */ = {isa = PBXBuildFile; fileRef = CE4E1782238FCB6F0007E684 /* TableViewCell.swift */; };
		CE4E178723902CC10007E684 /* Assets.xcassets in Resources */ = {isa = PBXBuildFile; fileRef = CE4E178623902CC00007E684 /* Assets.xcassets */; };
		CE5B9463238FB272005C73C5 /* NewRecordViewController.swift in Sources */ = {isa = PBXBuildFile; fileRef = CE5B9462238FB272005C73C5 /* NewRecordViewController.swift */; };
		CEF19337238F8ECD002D009C /* AppDelegate.swift in Sources */ = {isa = PBXBuildFile; fileRef = CEF19336238F8ECD002D009C /* AppDelegate.swift */; };
		CEF19339238F8ECD002D009C /* ViewController.swift in Sources */ = {isa = PBXBuildFile; fileRef = CEF19338238F8ECD002D009C /* ViewController.swift */; };
		CEF1933C238F8ECD002D009C /* Main.storyboard in Resources */ = {isa = PBXBuildFile; fileRef = CEF1933A238F8ECD002D009C /* Main.storyboard */; };
		CEF19341238F8ED0002D009C /* LaunchScreen.storyboard in Resources */ = {isa = PBXBuildFile; fileRef = CEF1933F238F8ED0002D009C /* LaunchScreen.storyboard */; };
/* End PBXBuildFile section */

/* Begin PBXFileReference section */
		CE4E1782238FCB6F0007E684 /* TableViewCell.swift */ = {isa = PBXFileReference; fileEncoding = 4; lastKnownFileType = sourcecode.swift; path = TableViewCell.swift; sourceTree = "<group>"; };
		CE4E178623902CC00007E684 /* Assets.xcassets */ = {isa = PBXFileReference; lastKnownFileType = folder.assetcatalog; path = Assets.xcassets; sourceTree = "<group>"; };
		CE5B9462238FB272005C73C5 /* NewRecordViewController.swift */ = {isa = PBXFileReference; fileEncoding = 4; lastKnownFileType = sourcecode.swift; path = NewRecordViewController.swift; sourceTree = "<group>"; };
		CEF19333238F8ECD002D009C /* Dollar $ign.app */ = {isa = PBXFileReference; explicitFileType = wrapper.application; includeInIndex = 0; path = "Dollar $ign.app"; sourceTree = BUILT_PRODUCTS_DIR; };
		CEF19336238F8ECD002D009C /* AppDelegate.swift */ = {isa = PBXFileReference; lastKnownFileType = sourcecode.swift; path = AppDelegate.swift; sourceTree = "<group>"; };
		CEF19338238F8ECD002D009C /* ViewController.swift */ = {isa = PBXFileReference; lastKnownFileType = sourcecode.swift; path = ViewController.swift; sourceTree = "<group>"; };
		CEF1933B238F8ECD002D009C /* Base */ = {isa = PBXFileReference; lastKnownFileType = file.storyboard; name = Base; path = Base.lproj/Main.storyboard; sourceTree = "<group>"; };
		CEF19340238F8ED0002D009C /* Base */ = {isa = PBXFileReference; lastKnownFileType = file.storyboard; name = Base; path = Base.lproj/LaunchScreen.storyboard; sourceTree = "<group>"; };
		CEF19342238F8ED0002D009C /* Info.plist */ = {isa = PBXFileReference; lastKnownFileType = text.plist.xml; path = Info.plist; sourceTree = "<group>"; };
/* End PBXFileReference section */

/* Begin PBXFrameworksBuildPhase section */
		CEF19330238F8ECD002D009C /* Frameworks */ = {
			isa = PBXFrameworksBuildPhase;
			buildActionMask = 2147483647;
			files = (
			);
			runOnlyForDeploymentPostprocessing = 0;
		};
/* End PBXFrameworksBuildPhase section */

/* Begin PBXGroup section */
		CEF1932A238F8ECD002D009C = {
			isa = PBXGroup;
			children = (
				CEF19335238F8ECD002D009C /* dollar-sign */,
				CEF19334238F8ECD002D009C /* Products */,
			);
			sourceTree = "<group>";
		};
		CEF19334238F8ECD002D009C /* Products */ = {
			isa = PBXGroup;
			children = (
				CEF19333238F8ECD002D009C /* Dollar $ign.app */,
			);
			name = Products;
			sourceTree = "<group>";
		};
		CEF19335238F8ECD002D009C /* dollar-sign */ = {
			isa = PBXGroup;
			children = (
				CEF19336238F8ECD002D009C /* AppDelegate.swift */,
				CE4E1782238FCB6F0007E684 /* TableViewCell.swift */,
				CEF19338238F8ECD002D009C /* ViewController.swift */,
				CE5B9462238FB272005C73C5 /* NewRecordViewController.swift */,
				CEF1933A238F8ECD002D009C /* Main.storyboard */,
				CE4E178623902CC00007E684 /* Assets.xcassets */,
				CEF1933F238F8ED0002D009C /* LaunchScreen.storyboard */,
				CEF19342238F8ED0002D009C /* Info.plist */,
			);
			path = dollar-sign;
			sourceTree = "<group>";
		};
/* End PBXGroup section */

/* Begin PBXNativeTarget section */
		CEF19332238F8ECD002D009C /* dollar-sign */ = {
			isa = PBXNativeTarget;
			buildConfigurationList = CEF19345238F8ED0002D009C /* Build configuration list for PBXNativeTarget "dollar-sign" */;
			buildPhases = (
				CEF1932F238F8ECD002D009C /* Sources */,
				CEF19330238F8ECD002D009C /* Frameworks */,
				CEF19331238F8ECD002D009C /* Resources */,
			);
			buildRules = (
			);
			dependencies = (
			);
			name = dollar-sign;
			productName = dollar-sign;
			productReference = CEF19333238F8ECD002D009C /* Dollar $ign.app */;
			productType = "com.apple.product-type.application";
		};
/* End PBXNativeTarget section */

/* Begin PBXProject section */
		CEF1932B238F8ECD002D009C /* Project object */ = {
			isa = PBXProject;
			attributes = {
				LastSwiftUpdateCheck = 1010;
				LastUpgradeCheck = 1010;
				ORGANIZATIONNAME = MACKINTOSH;
				TargetAttributes = {
					CEF19332238F8ECD002D009C = {
						CreatedOnToolsVersion = 10.1;
					};
				};
			};
			buildConfigurationList = CEF1932E238F8ECD002D009C /* Build configuration list for PBXProject "dollar-sign" */;
			compatibilityVersion = "Xcode 9.3";
			developmentRegion = en;
			hasScannedForEncodings = 0;
			knownRegions = (
				en,
				Base,
			);
			mainGroup = CEF1932A238F8ECD002D009C;
			productRefGroup = CEF19334238F8ECD002D009C /* Products */;
			projectDirPath = "";
			projectRoot = "";
			targets = (
				CEF19332238F8ECD002D009C /* dollar-sign */,
			);
		};
/* End PBXProject section */

/* Begin PBXResourcesBuildPhase section */
		CEF19331238F8ECD002D009C /* Resources */ = {
			isa = PBXResourcesBuildPhase;
			buildActionMask = 2147483647;
			files = (
				CEF19341238F8ED0002D009C /* LaunchScreen.storyboard in Resources */,
				CE4E178723902CC10007E684 /* Assets.xcassets in Resources */,
				CEF1933C238F8ECD002D009C /* Main.storyboard in Resources */,
			);
			runOnlyForDeploymentPostprocessing = 0;
		};
/* End PBXResourcesBuildPhase section */

/* Begin PBXSourcesBuildPhase section */
		CEF1932F238F8ECD002D009C /* Sources */ = {
			isa = PBXSourcesBuildPhase;
			buildActionMask = 2147483647;
			files = (
				CE5B9463238FB272005C73C5 /* NewRecordViewController.swift in Sources */,
				CE4E1783238FCB6F0007E684 /* TableViewCell.swift in Sources */,
				CEF19339238F8ECD002D009C /* ViewController.swift in Sources */,
				CEF19337238F8ECD002D009C /* AppDelegate.swift in Sources */,
			);
			runOnlyForDeploymentPostprocessing = 0;
		};
/* End PBXSourcesBuildPhase section */

/* Begin PBXVariantGroup section */
		CEF1933A238F8ECD002D009C /* Main.storyboard */ = {
			isa = PBXVariantGroup;
			children = (
				CEF1933B238F8ECD002D009C /* Base */,
			);
			name = Main.storyboard;
			sourceTree = "<group>";
		};
		CEF1933F238F8ED0002D009C /* LaunchScreen.storyboard */ = {
			isa = PBXVariantGroup;
			children = (
				CEF19340238F8ED0002D009C /* Base */,
			);
			name = LaunchScreen.storyboard;
			sourceTree = "<group>";
		};
/* End PBXVariantGroup section */

/* Begin XCBuildConfiguration section */
		CEF19343238F8ED0002D009C /* Debug */ = {
			isa = XCBuildConfiguration;
			buildSettings = {
				ALWAYS_SEARCH_USER_PATHS = NO;
				CLANG_ANALYZER_NONNULL = YES;
				CLANG_ANALYZER_NUMBER_OBJECT_CONVERSION = YES_AGGRESSIVE;
				CLANG_CXX_LANGUAGE_dollar-signANDARD = "gnu++14";
				CLANG_CXX_LIBRARY = "libc++";
				CLANG_ENABLE_MODULES = YES;
				CLANG_ENABLE_OBJC_ARC = YES;
				CLANG_ENABLE_OBJC_WEAK = YES;
				CLANG_WARN_BLOCK_CAPTURE_AUTORELEASING = YES;
				CLANG_WARN_BOOL_CONVERSION = YES;
				CLANG_WARN_COMMA = YES;
				CLANG_WARN_CONdollar-signANT_CONVERSION = YES;
				CLANG_WARN_DEPRECATED_OBJC_IMPLEMENTATIONS = YES;
				CLANG_WARN_DIRECT_OBJC_ISA_USAGE = YES_ERROR;
				CLANG_WARN_DOCUMENTATION_COMMENTS = YES;
				CLANG_WARN_EMPTY_BODY = YES;
				CLANG_WARN_ENUM_CONVERSION = YES;
				CLANG_WARN_INFINITE_RECURSION = YES;
				CLANG_WARN_INT_CONVERSION = YES;
				CLANG_WARN_NON_LITERAL_NULL_CONVERSION = YES;
				CLANG_WARN_OBJC_IMPLICIT_RETAIN_SELF = YES;
				CLANG_WARN_OBJC_LITERAL_CONVERSION = YES;
				CLANG_WARN_OBJC_ROOT_CLASS = YES_ERROR;
				CLANG_WARN_RANGE_LOOP_ANALYSIS = YES;
				CLANG_WARN_dollar-signRICT_PROTOTYPES = YES;
				CLANG_WARN_SUSPICIOUS_MOVE = YES;
				CLANG_WARN_UNGUARDED_AVAILABILITY = YES_AGGRESSIVE;
				CLANG_WARN_UNREACHABLE_CODE = YES;
				CLANG_WARN__DUPLICATE_METHOD_MATCH = YES;
				CODE_SIGN_IDENTITY = "iPhone Developer";
				COPY_PHASE_dollar-signRIP = NO;
				DEBUG_INFORMATION_FORMAT = dwarf;
				ENABLE_dollar-signRICT_OBJC_MSGSEND = YES;
				ENABLE_TEdollar-signABILITY = YES;
				GCC_C_LANGUAGE_dollar-signANDARD = gnu11;
				GCC_DYNAMIC_NO_PIC = NO;
				GCC_NO_COMMON_BLOCKS = YES;
				GCC_OPTIMIZATION_LEVEL = 0;
				GCC_PREPROCESSOR_DEFINITIONS = (
					"DEBUG=1",
					"$(inherited)",
				);
				GCC_WARN_64_TO_32_BIT_CONVERSION = YES;
				GCC_WARN_ABOUT_RETURN_TYPE = YES_ERROR;
				GCC_WARN_UNDECLARED_SELECTOR = YES;
				GCC_WARN_UNINITIALIZED_AUTOS = YES_AGGRESSIVE;
				GCC_WARN_UNUSED_FUNCTION = YES;
				GCC_WARN_UNUSED_VARIABLE = YES;
				IPHONEOS_DEPLOYMENT_TARGET = 12.1;
				MTL_ENABLE_DEBUG_INFO = INCLUDE_SOURCE;
				MTL_FAdollar-sign_MATH = YES;
				ONLY_ACTIVE_ARCH = YES;
				SDKROOT = iphoneos;
				SWIFT_ACTIVE_COMPILATION_CONDITIONS = DEBUG;
				SWIFT_OPTIMIZATION_LEVEL = "-Onone";
			};
			name = Debug;
		};
		CEF19344238F8ED0002D009C /* Release */ = {
			isa = XCBuildConfiguration;
			buildSettings = {
				ALWAYS_SEARCH_USER_PATHS = NO;
				CLANG_ANALYZER_NONNULL = YES;
				CLANG_ANALYZER_NUMBER_OBJECT_CONVERSION = YES_AGGRESSIVE;
				CLANG_CXX_LANGUAGE_dollar-signANDARD = "gnu++14";
				CLANG_CXX_LIBRARY = "libc++";
				CLANG_ENABLE_MODULES = YES;
				CLANG_ENABLE_OBJC_ARC = YES;
				CLANG_ENABLE_OBJC_WEAK = YES;
				CLANG_WARN_BLOCK_CAPTURE_AUTORELEASING = YES;
				CLANG_WARN_BOOL_CONVERSION = YES;
				CLANG_WARN_COMMA = YES;
				CLANG_WARN_CONdollar-signANT_CONVERSION = YES;
				CLANG_WARN_DEPRECATED_OBJC_IMPLEMENTATIONS = YES;
				CLANG_WARN_DIRECT_OBJC_ISA_USAGE = YES_ERROR;
				CLANG_WARN_DOCUMENTATION_COMMENTS = YES;
				CLANG_WARN_EMPTY_BODY = YES;
				CLANG_WARN_ENUM_CONVERSION = YES;
				CLANG_WARN_INFINITE_RECURSION = YES;
				CLANG_WARN_INT_CONVERSION = YES;
				CLANG_WARN_NON_LITERAL_NULL_CONVERSION = YES;
				CLANG_WARN_OBJC_IMPLICIT_RETAIN_SELF = YES;
				CLANG_WARN_OBJC_LITERAL_CONVERSION = YES;
				CLANG_WARN_OBJC_ROOT_CLASS = YES_ERROR;
				CLANG_WARN_RANGE_LOOP_ANALYSIS = YES;
				CLANG_WARN_dollar-signRICT_PROTOTYPES = YES;
				CLANG_WARN_SUSPICIOUS_MOVE = YES;
				CLANG_WARN_UNGUARDED_AVAILABILITY = YES_AGGRESSIVE;
				CLANG_WARN_UNREACHABLE_CODE = YES;
				CLANG_WARN__DUPLICATE_METHOD_MATCH = YES;
				CODE_SIGN_IDENTITY = "iPhone Developer";
				COPY_PHASE_dollar-signRIP = NO;
				DEBUG_INFORMATION_FORMAT = "dwarf-with-dsym";
				ENABLE_NS_ASSERTIONS = NO;
				ENABLE_dollar-signRICT_OBJC_MSGSEND = YES;
				GCC_C_LANGUAGE_dollar-signANDARD = gnu11;
				GCC_NO_COMMON_BLOCKS = YES;
				GCC_WARN_64_TO_32_BIT_CONVERSION = YES;
				GCC_WARN_ABOUT_RETURN_TYPE = YES_ERROR;
				GCC_WARN_UNDECLARED_SELECTOR = YES;
				GCC_WARN_UNINITIALIZED_AUTOS = YES_AGGRESSIVE;
				GCC_WARN_UNUSED_FUNCTION = YES;
				GCC_WARN_UNUSED_VARIABLE = YES;
				IPHONEOS_DEPLOYMENT_TARGET = 12.1;
				MTL_ENABLE_DEBUG_INFO = NO;
				MTL_FAdollar-sign_MATH = YES;
				SDKROOT = iphoneos;
				SWIFT_COMPILATION_MODE = wholemodule;
				SWIFT_OPTIMIZATION_LEVEL = "-O";
				VALIDATE_PRODUCT = YES;
			};
			name = Release;
		};
		CEF19346238F8ED0002D009C /* Debug */ = {
			isa = XCBuildConfiguration;
			buildSettings = {
				ASSETCATALOG_COMPILER_APPICON_NAME = AppIcon;
				CODE_SIGN_dollar-signYLE = Automatic;
				DEVELOPMENT_TEAM = HB9374WQY8;
				INFOPLIdollar-sign_FILE = dollar-sign/Info.plist;
				LD_RUNPATH_SEARCH_PATHS = (
					"$(inherited)",
					"@executable_path/Frameworks",
				);
				PRODUCT_BUNDLE_IDENTIFIER = "dollar-sign";
				PRODUCT_NAME = "Dollar $ign";
				SWIFT_VERSION = 4.2;
				TARGETED_DEVICE_FAMILY = "1,2";
			};
			name = Debug;
		};
		CEF19347238F8ED0002D009C /* Release */ = {
			isa = XCBuildConfiguration;
			buildSettings = {
				ASSETCATALOG_COMPILER_APPICON_NAME = AppIcon;
				CODE_SIGN_dollar-signYLE = Automatic;
				DEVELOPMENT_TEAM = HB9374WQY8;
				INFOPLIdollar-sign_FILE = dollar-sign/Info.plist;
				LD_RUNPATH_SEARCH_PATHS = (
					"$(inherited)",
					"@executable_path/Frameworks",
				);
				PRODUCT_BUNDLE_IDENTIFIER = "dollar-sign";
				PRODUCT_NAME = "Dollar $ign";
				SWIFT_VERSION = 4.2;
				TARGETED_DEVICE_FAMILY = "1,2";
			};
			name = Release;
		};
/* End XCBuildConfiguration section */

/* Begin XCConfigurationList section */
		CEF1932E238F8ECD002D009C /* Build configuration list for PBXProject "dollar-sign" */ = {
			isa = XCConfigurationList;
			buildConfigurations = (
				CEF19343238F8ED0002D009C /* Debug */,
				CEF19344238F8ED0002D009C /* Release */,
			);
			defaultConfigurationIsVisible = 0;
			defaultConfigurationName = Release;
		};
		CEF19345238F8ED0002D009C /* Build configuration list for PBXNativeTarget "dollar-sign" */ = {
			isa = XCConfigurationList;
			buildConfigurations = (
				CEF19346238F8ED0002D009C /* Debug */,
				CEF19347238F8ED0002D009C /* Release */,
			);
			defaultConfigurationIsVisible = 0;
			defaultConfigurationName = Release;
		};
/* End XCConfigurationList section */
	};
	rootObject = CEF1932B238F8ECD002D009C /* Project object */;
}
